
Microsoft Visual Studio Solution File, Format Version 12.00
# Visual Studio Version 17
VisualStudioVersion = 17.13.35919.96
MinimumVisualStudioVersion = 10.0.40219.1
Project("{2150E333-8FDC-42A3-9474-1A3956D46DE8}") = "Task0", "Task0", "{36D591C7-65C7-A0D1-1CBC-10CDE441BDC8}"
EndProject
Project("{FAE04EC0-301F-11D3-BF4B-00C04F79EFBC}") = "Tyuiu.LyapinSE.Sprint0.Task0.V0", "Tyuiu.LyapinSE.Sprint0.Task0.V0\Tyuiu.LyapinSE.Sprint0.Task0.V0.csproj", "{2C9D0E0C-410F-4D5D-96C5-B9BF766EDB07}"
EndProject
Project("{2150E333-8FDC-42A3-9474-1A3956D46DE8}") = "Task1", "Task1", "{02EA681E-C7D8-13C7-8484-4AC65E1B71E8}"
EndProject
Project("{FAE04EC0-301F-11D3-BF4B-00C04F79EFBC}") = "Tyuiu.LyapinSE.Sprint0.Task1.V0", "Tyuiu.LyapinSE.Sprint0.Task1.V0\Tyuiu.LyapinSE.Sprint0.Task1.V0.csproj", "{024E1C97-DA27-4DE8-8494-2F3648589CB8}"
EndProject
Project("{2150E333-8FDC-42A3-9474-1A3956D46DE8}") = "Task2", "Task2", "{9D58C379-394B-44C9-8BBC-541B6919F432}"
EndProject
Project("{FAE04EC0-301F-11D3-BF4B-00C04F79EFBC}") = "Tyuiu.LyapinSE.Sprint0.Task2.V0", "Tyuiu.LyapinSE.Sprint0.Task2.V0\Tyuiu.LyapinSE.Sprint0.Task2.V0.csproj", "{C32424E4-AF75-43EB-8811-3E3A3051A94F}"
EndProject
Project("{FAE04EC0-301F-11D3-BF4B-00C04F79EFBC}") = "Tyuiu.LyapinSE.Sprint0.Task2.V0.Lib", "Tyuiu.LyapinSE.Sprint0.Task2.V0.Lib\Tyuiu.LyapinSE.Sprint0.Task2.V0.Lib.csproj", "{EC8ACD40-52A9-4B00-8DCF-210086E0F841}"
EndProject
Project("{FAE04EC0-301F-11D3-BF4B-00C04F79EFBC}") = "Tyuiu.LyapinSE.Sprint0.Task2.V0.Test", "Tyuiu.LyapinSE.Sprint0.Task2.V0.Test\Tyuiu.LyapinSE.Sprint0.Task2.V0.Test.csproj", "{A8E413F3-8655-4D38-B086-C0BC2D604DFB}"
EndProject
Project("{2150E333-8FDC-42A3-9474-1A3956D46DE8}") = "Task3", "Task3", "{76652B87-CF9B-4A31-9447-62B5C2FC3A28}"
EndProject
Project("{FAE04EC0-301F-11D3-BF4B-00C04F79EFBC}") = "Tyuiu.LyapinSE.Sprint0.Task3.V0", "Tyuiu.LyapinSE.Sprint0.Task3.V0\Tyuiu.LyapinSE.Sprint0.Task3.V0.csproj", "{DCEF0657-A635-4AC4-BCF2-30E8FF6B4FBE}"
EndProject
Project("{FAE04EC0-301F-11D3-BF4B-00C04F79EFBC}") = "Tyuiu.LyapinSE.Sprint0.Task3.V0.Lib", "Tyuiu.LyapinSE.Sprint0.Task3.V0.Lib\Tyuiu.LyapinSE.Sprint0.Task3.V0.Lib.csproj", "{6AFD5327-16C1-4974-8E92-22B4A48C3D8F}"
EndProject
Project("{FAE04EC0-301F-11D3-BF4B-00C04F79EFBC}") = "Tyuiu.LyapinSE.Sprint0.Task3.V0.Test", "Tyuiu.LyapinSE.Sprint0.Task3.V0.Test\Tyuiu.LyapinSE.Sprint0.Task3.V0.Test.csproj", "{29277332-537C-4E76-8838-0DB8DE1DA333}"
EndProject
Project("{2150E333-8FDC-42A3-9474-1A3956D46DE8}") = "Task4", "Task4", "{678FA7D0-438F-4666-9B25-5F3AAAC716F3}"
EndProject
Project("{FAE04EC0-301F-11D3-BF4B-00C04F79EFBC}") = "Tyuiu.LyapinSE.Sprint0.Task4.V0", "Tyuiu.LyapinSE.Sprint0.Task4.V0\Tyuiu.LyapinSE.Sprint0.Task4.V0.csproj", "{5ED4A91D-76D4-4E8A-A70C-2DAF67127D8B}"
EndProject
Project("{FAE04EC0-301F-11D3-BF4B-00C04F79EFBC}") = "Tyuiu.LyapinSE.Sprint0.Task4.V0.Lib", "Tyuiu.LyapinSE.Sprint0.Task4.V0.Lib\Tyuiu.LyapinSE.Sprint0.Task4.V0.Lib.csproj", "{091DAF66-1F2C-4816-889D-CA8E6AF04D5D}"
EndProject
Project("{FAE04EC0-301F-11D3-BF4B-00C04F79EFBC}") = "Tyuiu.LyapinSE.Sprint0.Task4.V0.Test", "Tyuiu.LyapinSE.Sprint0.Task4.V0.Test\Tyuiu.LyapinSE.Sprint0.Task4.V0.Test.csproj", "{8663E300-3F5B-4BAE-BD11-770CDE6D4A70}"
EndProject
Project("{2150E333-8FDC-42A3-9474-1A3956D46DE8}") = "Task5", "Task5", "{EB464F06-6307-4CF5-A7D4-3978193F2B1F}"
EndProject
Project("{FAE04EC0-301F-11D3-BF4B-00C04F79EFBC}") = "Tyuiu.LyapinSE.Sprint0.Task5.V0", "Tyuiu.LyapinSE.Sprint0.Task5.V0\Tyuiu.LyapinSE.Sprint0.Task5.V0.csproj", "{48360131-8128-4584-BF85-91EA5E055D01}"
EndProject
Project("{FAE04EC0-301F-11D3-BF4B-00C04F79EFBC}") = "Tyuiu.LyapinSE.Sprint0.Task5.V0.Lib", "Tyuiu.LyapinSE.Sprint0.Task5.V0.Lib\Tyuiu.LyapinSE.Sprint0.Task5.V0.Lib.csproj", "{F198CF1E-19A7-4BBB-8CB3-8CE786F62905}"
EndProject
Project("{FAE04EC0-301F-11D3-BF4B-00C04F79EFBC}") = "Tyuiu.LyapinSE.Sprint0.Task5.V0.Test", "Tyuiu.LyapinSE.Sprint0.Task5.V0.Test\Tyuiu.LyapinSE.Sprint0.Task5.V0.Test.csproj", "{0A7CBD85-24F8-420F-B10E-0F319603E65E}"
EndProject
Project("{2150E333-8FDC-42A3-9474-1A3956D46DE8}") = "Task6", "Task6", "{F6583214-59EC-4FA6-B802-D619F4EC4F69}"
EndProject
Project("{FAE04EC0-301F-11D3-BF4B-00C04F79EFBC}") = "Tyuiu.LyapinSE.Sprint0.Task6.V0", "Tyuiu.LyapinSE.Sprint0.Task6.V0\Tyuiu.LyapinSE.Sprint0.Task6.V0.csproj", "{B61EAF8D-8BB0-40E2-97D7-45E92B369F8E}"
EndProject
Project("{FAE04EC0-301F-11D3-BF4B-00C04F79EFBC}") = "Tyuiu.LyapinSE.Sprint0.Task6.V0.Lib", "Tyuiu.LyapinSE.Sprint0.Task6.V0.Lib\Tyuiu.LyapinSE.Sprint0.Task6.V0.Lib.csproj", "{4D3CC8C1-AB90-4532-9230-C0B4859109E3}"
EndProject
Project("{FAE04EC0-301F-11D3-BF4B-00C04F79EFBC}") = "Tyuiu.LyapinSE.Sprint0.Task6.V0.Task", "Tyuiu.LyapinSE.Sprint0.Task6.V0.Task\Tyuiu.LyapinSE.Sprint0.Task6.V0.Task.csproj", "{92EFF2C6-9879-4FEF-9B5D-5D39A20DE16E}"
EndProject
Project("{2150E333-8FDC-42A3-9474-1A3956D46DE8}") = "Task7", "Task7", "{37952463-70EB-40DB-83FB-6132A546F3C8}"
EndProject
Project("{FAE04EC0-301F-11D3-BF4B-00C04F79EFBC}") = "Tyuiu.LyapinSE.Sprint0.Task7.V0", "Tyuiu.LyapinSE.Sprint0.Task7.V0\Tyuiu.LyapinSE.Sprint0.Task7.V0.csproj", "{76AA0774-3287-445B-8731-5E001CC4EEE7}"
EndProject
Project("{FAE04EC0-301F-11D3-BF4B-00C04F79EFBC}") = "Tyuiu.LyapinSE.Sprint0.Task7.V0.Lib", "Tyuiu.LyapinSE.Sprint0.Task7.V0.Lib\Tyuiu.LyapinSE.Sprint0.Task7.V0.Lib.csproj", "{A5A93229-5260-4650-BF3E-9F345F1D11A1}"
EndProject
Project("{FAE04EC0-301F-11D3-BF4B-00C04F79EFBC}") = "Tyuiu.LyapinSE.Sprint0.Task7.V0.Test", "Tyuiu.LyapinSE.Sprint0.Task7.V0.Test\Tyuiu.LyapinSE.Sprint0.Task7.V0.Test.csproj", "{9D9EE07D-7DE1-4C52-AF07-2F6A9687C346}"
EndProject
Global
	GlobalSection(SolutionConfigurationPlatforms) = preSolution
		Debug|Any CPU = Debug|Any CPU
		Release|Any CPU = Release|Any CPU
	EndGlobalSection
	GlobalSection(ProjectConfigurationPlatforms) = postSolution
		{2C9D0E0C-410F-4D5D-96C5-B9BF766EDB07}.Debug|Any CPU.ActiveCfg = Debug|Any CPU
		{2C9D0E0C-410F-4D5D-96C5-B9BF766EDB07}.Debug|Any CPU.Build.0 = Debug|Any CPU
		{2C9D0E0C-410F-4D5D-96C5-B9BF766EDB07}.Release|Any CPU.ActiveCfg = Release|Any CPU
		{2C9D0E0C-410F-4D5D-96C5-B9BF766EDB07}.Release|Any CPU.Build.0 = Release|Any CPU
		{024E1C97-DA27-4DE8-8494-2F3648589CB8}.Debug|Any CPU.ActiveCfg = Debug|Any CPU
		{024E1C97-DA27-4DE8-8494-2F3648589CB8}.Debug|Any CPU.Build.0 = Debug|Any CPU
		{024E1C97-DA27-4DE8-8494-2F3648589CB8}.Release|Any CPU.ActiveCfg = Release|Any CPU
		{024E1C97-DA27-4DE8-8494-2F3648589CB8}.Release|Any CPU.Build.0 = Release|Any CPU
		{C32424E4-AF75-43EB-8811-3E3A3051A94F}.Debug|Any CPU.ActiveCfg = Debug|Any CPU
		{C32424E4-AF75-43EB-8811-3E3A3051A94F}.Debug|Any CPU.Build.0 = Debug|Any CPU
		{C32424E4-AF75-43EB-8811-3E3A3051A94F}.Release|Any CPU.ActiveCfg = Release|Any CPU
		{C32424E4-AF75-43EB-8811-3E3A3051A94F}.Release|Any CPU.Build.0 = Release|Any CPU
		{EC8ACD40-52A9-4B00-8DCF-210086E0F841}.Debug|Any CPU.ActiveCfg = Debug|Any CPU
		{EC8ACD40-52A9-4B00-8DCF-210086E0F841}.Debug|Any CPU.Build.0 = Debug|Any CPU
		{EC8ACD40-52A9-4B00-8DCF-210086E0F841}.Release|Any CPU.ActiveCfg = Release|Any CPU
		{EC8ACD40-52A9-4B00-8DCF-210086E0F841}.Release|Any CPU.Build.0 = Release|Any CPU
		{A8E413F3-8655-4D38-B086-C0BC2D604DFB}.Debug|Any CPU.ActiveCfg = Debug|Any CPU
		{A8E413F3-8655-4D38-B086-C0BC2D604DFB}.Debug|Any CPU.Build.0 = Debug|Any CPU
		{A8E413F3-8655-4D38-B086-C0BC2D604DFB}.Release|Any CPU.ActiveCfg = Release|Any CPU
		{A8E413F3-8655-4D38-B086-C0BC2D604DFB}.Release|Any CPU.Build.0 = Release|Any CPU
		{DCEF0657-A635-4AC4-BCF2-30E8FF6B4FBE}.Debug|Any CPU.ActiveCfg = Debug|Any CPU
		{DCEF0657-A635-4AC4-BCF2-30E8FF6B4FBE}.Debug|Any CPU.Build.0 = Debug|Any CPU
		{DCEF0657-A635-4AC4-BCF2-30E8FF6B4FBE}.Release|Any CPU.ActiveCfg = Release|Any CPU
		{DCEF0657-A635-4AC4-BCF2-30E8FF6B4FBE}.Release|Any CPU.Build.0 = Release|Any CPU
		{6AFD5327-16C1-4974-8E92-22B4A48C3D8F}.Debug|Any CPU.ActiveCfg = Debug|Any CPU
		{6AFD5327-16C1-4974-8E92-22B4A48C3D8F}.Debug|Any CPU.Build.0 = Debug|Any CPU
		{6AFD5327-16C1-4974-8E92-22B4A48C3D8F}.Release|Any CPU.ActiveCfg = Release|Any CPU
		{6AFD5327-16C1-4974-8E92-22B4A48C3D8F}.Release|Any CPU.Build.0 = Release|Any CPU
		{29277332-537C-4E76-8838-0DB8DE1DA333}.Debug|Any CPU.ActiveCfg = Debug|Any CPU
		{29277332-537C-4E76-8838-0DB8DE1DA333}.Debug|Any CPU.Build.0 = Debug|Any CPU
		{29277332-537C-4E76-8838-0DB8DE1DA333}.Release|Any CPU.ActiveCfg = Release|Any CPU
		{29277332-537C-4E76-8838-0DB8DE1DA333}.Release|Any CPU.Build.0 = Release|Any CPU
		{5ED4A91D-76D4-4E8A-A70C-2DAF67127D8B}.Debug|Any CPU.ActiveCfg = Debug|Any CPU
		{5ED4A91D-76D4-4E8A-A70C-2DAF67127D8B}.Debug|Any CPU.Build.0 = Debug|Any CPU
		{5ED4A91D-76D4-4E8A-A70C-2DAF67127D8B}.Release|Any CPU.ActiveCfg = Release|Any CPU
		{5ED4A91D-76D4-4E8A-A70C-2DAF67127D8B}.Release|Any CPU.Build.0 = Release|Any CPU
		{091DAF66-1F2C-4816-889D-CA8E6AF04D5D}.Debug|Any CPU.ActiveCfg = Debug|Any CPU
		{091DAF66-1F2C-4816-889D-CA8E6AF04D5D}.Debug|Any CPU.Build.0 = Debug|Any CPU
		{091DAF66-1F2C-4816-889D-CA8E6AF04D5D}.Release|Any CPU.ActiveCfg = Release|Any CPU
		{091DAF66-1F2C-4816-889D-CA8E6AF04D5D}.Release|Any CPU.Build.0 = Release|Any CPU
		{8663E300-3F5B-4BAE-BD11-770CDE6D4A70}.Debug|Any CPU.ActiveCfg = Debug|Any CPU
		{8663E300-3F5B-4BAE-BD11-770CDE6D4A70}.Debug|Any CPU.Build.0 = Debug|Any CPU
		{8663E300-3F5B-4BAE-BD11-770CDE6D4A70}.Release|Any CPU.ActiveCfg = Release|Any CPU
		{8663E300-3F5B-4BAE-BD11-770CDE6D4A70}.Release|Any CPU.Build.0 = Release|Any CPU
		{48360131-8128-4584-BF85-91EA5E055D01}.Debug|Any CPU.ActiveCfg = Debug|Any CPU
		{48360131-8128-4584-BF85-91EA5E055D01}.Debug|Any CPU.Build.0 = Debug|Any CPU
		{48360131-8128-4584-BF85-91EA5E055D01}.Release|Any CPU.ActiveCfg = Release|Any CPU
		{48360131-8128-4584-BF85-91EA5E055D01}.Release|Any CPU.Build.0 = Release|Any CPU
		{F198CF1E-19A7-4BBB-8CB3-8CE786F62905}.Debug|Any CPU.ActiveCfg = Debug|Any CPU
		{F198CF1E-19A7-4BBB-8CB3-8CE786F62905}.Debug|Any CPU.Build.0 = Debug|Any CPU
		{F198CF1E-19A7-4BBB-8CB3-8CE786F62905}.Release|Any CPU.ActiveCfg = Release|Any CPU
		{F198CF1E-19A7-4BBB-8CB3-8CE786F62905}.Release|Any CPU.Build.0 = Release|Any CPU
		{0A7CBD85-24F8-420F-B10E-0F319603E65E}.Debug|Any CPU.ActiveCfg = Debug|Any CPU
		{0A7CBD85-24F8-420F-B10E-0F319603E65E}.Debug|Any CPU.Build.0 = Debug|Any CPU
		{0A7CBD85-24F8-420F-B10E-0F319603E65E}.Release|Any CPU.ActiveCfg = Release|Any CPU
		{0A7CBD85-24F8-420F-B10E-0F319603E65E}.Release|Any CPU.Build.0 = Release|Any CPU
		{B61EAF8D-8BB0-40E2-97D7-45E92B369F8E}.Debug|Any CPU.ActiveCfg = Debug|Any CPU
		{B61EAF8D-8BB0-40E2-97D7-45E92B369F8E}.Debug|Any CPU.Build.0 = Debug|Any CPU
		{B61EAF8D-8BB0-40E2-97D7-45E92B369F8E}.Release|Any CPU.ActiveCfg = Release|Any CPU
		{B61EAF8D-8BB0-40E2-97D7-45E92B369F8E}.Release|Any CPU.Build.0 = Release|Any CPU
		{4D3CC8C1-AB90-4532-9230-C0B4859109E3}.Debug|Any CPU.ActiveCfg = Debug|Any CPU
		{4D3CC8C1-AB90-4532-9230-C0B4859109E3}.Debug|Any CPU.Build.0 = Debug|Any CPU
		{4D3CC8C1-AB90-4532-9230-C0B4859109E3}.Release|Any CPU.ActiveCfg = Release|Any CPU
		{4D3CC8C1-AB90-4532-9230-C0B4859109E3}.Release|Any CPU.Build.0 = Release|Any CPU
		{92EFF2C6-9879-4FEF-9B5D-5D39A20DE16E}.Debug|Any CPU.ActiveCfg = Debug|Any CPU
		{92EFF2C6-9879-4FEF-9B5D-5D39A20DE16E}.Debug|Any CPU.Build.0 = Debug|Any CPU
		{92EFF2C6-9879-4FEF-9B5D-5D39A20DE16E}.Release|Any CPU.ActiveCfg = Release|Any CPU
		{92EFF2C6-9879-4FEF-9B5D-5D39A20DE16E}.Release|Any CPU.Build.0 = Release|Any CPU
		{76AA0774-3287-445B-8731-5E001CC4EEE7}.Debug|Any CPU.ActiveCfg = Debug|Any CPU
		{76AA0774-3287-445B-8731-5E001CC4EEE7}.Debug|Any CPU.Build.0 = Debug|Any CPU
		{76AA0774-3287-445B-8731-5E001CC4EEE7}.Release|Any CPU.ActiveCfg = Release|Any CPU
		{76AA0774-3287-445B-8731-5E001CC4EEE7}.Release|Any CPU.Build.0 = Release|Any CPU
		{A5A93229-5260-4650-BF3E-9F345F1D11A1}.Debug|Any CPU.ActiveCfg = Debug|Any CPU
		{A5A93229-5260-4650-BF3E-9F345F1D11A1}.Debug|Any CPU.Build.0 = Debug|Any CPU
		{A5A93229-5260-4650-BF3E-9F345F1D11A1}.Release|Any CPU.ActiveCfg = Release|Any CPU
		{A5A93229-5260-4650-BF3E-9F345F1D11A1}.Release|Any CPU.Build.0 = Release|Any CPU
		{9D9EE07D-7DE1-4C52-AF07-2F6A9687C346}.Debug|Any CPU.ActiveCfg = Debug|Any CPU
		{9D9EE07D-7DE1-4C52-AF07-2F6A9687C346}.Debug|Any CPU.Build.0 = Debug|Any CPU
		{9D9EE07D-7DE1-4C52-AF07-2F6A9687C346}.Release|Any CPU.ActiveCfg = Release|Any CPU
		{9D9EE07D-7DE1-4C52-AF07-2F6A9687C346}.Release|Any CPU.Build.0 = Release|Any CPU
	EndGlobalSection
	GlobalSection(SolutionProperties) = preSolution
		HideSolutionNode = FALSE
	EndGlobalSection
	GlobalSection(NestedProjects) = preSolution
		{2C9D0E0C-410F-4D5D-96C5-B9BF766EDB07} = {36D591C7-65C7-A0D1-1CBC-10CDE441BDC8}
		{024E1C97-DA27-4DE8-8494-2F3648589CB8} = {02EA681E-C7D8-13C7-8484-4AC65E1B71E8}
		{C32424E4-AF75-43EB-8811-3E3A3051A94F} = {9D58C379-394B-44C9-8BBC-541B6919F432}
		{EC8ACD40-52A9-4B00-8DCF-210086E0F841} = {9D58C379-394B-44C9-8BBC-541B6919F432}
		{A8E413F3-8655-4D38-B086-C0BC2D604DFB} = {9D58C379-394B-44C9-8BBC-541B6919F432}
		{DCEF0657-A635-4AC4-BCF2-30E8FF6B4FBE} = {76652B87-CF9B-4A31-9447-62B5C2FC3A28}
		{6AFD5327-16C1-4974-8E92-22B4A48C3D8F} = {76652B87-CF9B-4A31-9447-62B5C2FC3A28}
		{29277332-537C-4E76-8838-0DB8DE1DA333} = {76652B87-CF9B-4A31-9447-62B5C2FC3A28}
		{5ED4A91D-76D4-4E8A-A70C-2DAF67127D8B} = {678FA7D0-438F-4666-9B25-5F3AAAC716F3}
		{091DAF66-1F2C-4816-889D-CA8E6AF04D5D} = {678FA7D0-438F-4666-9B25-5F3AAAC716F3}
		{8663E300-3F5B-4BAE-BD11-770CDE6D4A70} = {678FA7D0-438F-4666-9B25-5F3AAAC716F3}
		{48360131-8128-4584-BF85-91EA5E055D01} = {EB464F06-6307-4CF5-A7D4-3978193F2B1F}
		{F198CF1E-19A7-4BBB-8CB3-8CE786F62905} = {EB464F06-6307-4CF5-A7D4-3978193F2B1F}
		{0A7CBD85-24F8-420F-B10E-0F319603E65E} = {EB464F06-6307-4CF5-A7D4-3978193F2B1F}
		{B61EAF8D-8BB0-40E2-97D7-45E92B369F8E} = {F6583214-59EC-4FA6-B802-D619F4EC4F69}
		{4D3CC8C1-AB90-4532-9230-C0B4859109E3} = {F6583214-59EC-4FA6-B802-D619F4EC4F69}
		{92EFF2C6-9879-4FEF-9B5D-5D39A20DE16E} = {F6583214-59EC-4FA6-B802-D619F4EC4F69}
		{76AA0774-3287-445B-8731-5E001CC4EEE7} = {37952463-70EB-40DB-83FB-6132A546F3C8}
		{A5A93229-5260-4650-BF3E-9F345F1D11A1} = {37952463-70EB-40DB-83FB-6132A546F3C8}
		{9D9EE07D-7DE1-4C52-AF07-2F6A9687C346} = {37952463-70EB-40DB-83FB-6132A546F3C8}
	EndGlobalSection
	GlobalSection(ExtensibilityGlobals) = postSolution
		SolutionGuid = {34DC01E2-130C-444A-8E24-A1764AB7F672}
	EndGlobalSection
EndGlobal
